
Microsoft Visual Studio Solution File, Format Version 12.00
# Visual Studio Version 17
VisualStudioVersion = 17.1.32421.90
MinimumVisualStudioVersion = 10.0.40219.1
Project("{9A19103F-16F7-4668-BE54-9A1E7A4F7556}") = "M01A02", "M01A02.csproj", "{868750E3-81E3-4901-8682-694DF85E82A2}"
EndProject
Project("{9A19103F-16F7-4668-BE54-9A1E7A4F7556}") = "M01A02b", "..\M01A02b\M01A02b.csproj", "{DA5E4244-61A5-4D71-B8DD-848A687BA89B}"
EndProject
Project("{9A19103F-16F7-4668-BE54-9A1E7A4F7556}") = "M01A02c", "..\M01A02c\M01A02c.csproj", "{9F803B6D-5F52-4704-AFDA-8899CB541E42}"
EndProject
Project("{9A19103F-16F7-4668-BE54-9A1E7A4F7556}") = "M01A02d", "..\M01A02d\M01A02d.csproj", "{C7C734F8-4AD5-489D-8D31-99D7062D65C9}"
EndProject
Project("{9A19103F-16F7-4668-BE54-9A1E7A4F7556}") = "M01A02e", "..\M01A02e\M01A02e.csproj", "{80C7C9A6-6434-4E2E-9907-A0BB61635C91}"
EndProject
Project("{9A19103F-16F7-4668-BE54-9A1E7A4F7556}") = "M01A03", "..\M01A03\M01A03.csproj", "{F81CE29D-9EA0-44AC-8624-4433047532DA}"
EndProject
Project("{FAE04EC0-301F-11D3-BF4B-00C04F79EFBC}") = "M01A04", "..\MMM01A04\M01A04.csproj", "{5F572132-A1B0-4104-8AF4-239171D1083B}"
EndProject
Project("{FAE04EC0-301F-11D3-BF4B-00C04F79EFBC}") = "M01A05a", "..\M01A05\M01A05a.csproj", "{86DB0A5D-758A-4628-8AC6-10E3CE452452}"
EndProject
Project("{FAE04EC0-301F-11D3-BF4B-00C04F79EFBC}") = "M01A05b", "..\M01A05b\M01A05b.csproj", "{7D87157D-F2AC-44CC-A2B9-1F206340D892}"
EndProject
Global
	GlobalSection(SolutionConfigurationPlatforms) = preSolution
		Debug|Any CPU = Debug|Any CPU
		Release|Any CPU = Release|Any CPU
	EndGlobalSection
	GlobalSection(ProjectConfigurationPlatforms) = postSolution
		{868750E3-81E3-4901-8682-694DF85E82A2}.Debug|Any CPU.ActiveCfg = Debug|Any CPU
		{868750E3-81E3-4901-8682-694DF85E82A2}.Debug|Any CPU.Build.0 = Debug|Any CPU
		{868750E3-81E3-4901-8682-694DF85E82A2}.Release|Any CPU.ActiveCfg = Release|Any CPU
		{868750E3-81E3-4901-8682-694DF85E82A2}.Release|Any CPU.Build.0 = Release|Any CPU
		{DA5E4244-61A5-4D71-B8DD-848A687BA89B}.Debug|Any CPU.ActiveCfg = Debug|Any CPU
		{DA5E4244-61A5-4D71-B8DD-848A687BA89B}.Debug|Any CPU.Build.0 = Debug|Any CPU
		{DA5E4244-61A5-4D71-B8DD-848A687BA89B}.Release|Any CPU.ActiveCfg = Release|Any CPU
		{DA5E4244-61A5-4D71-B8DD-848A687BA89B}.Release|Any CPU.Build.0 = Release|Any CPU
		{9F803B6D-5F52-4704-AFDA-8899CB541E42}.Debug|Any CPU.ActiveCfg = Debug|Any CPU
		{9F803B6D-5F52-4704-AFDA-8899CB541E42}.Debug|Any CPU.Build.0 = Debug|Any CPU
		{9F803B6D-5F52-4704-AFDA-8899CB541E42}.Release|Any CPU.ActiveCfg = Release|Any CPU
		{9F803B6D-5F52-4704-AFDA-8899CB541E42}.Release|Any CPU.Build.0 = Release|Any CPU
		{C7C734F8-4AD5-489D-8D31-99D7062D65C9}.Debug|Any CPU.ActiveCfg = Debug|Any CPU
		{C7C734F8-4AD5-489D-8D31-99D7062D65C9}.Debug|Any CPU.Build.0 = Debug|Any CPU
		{C7C734F8-4AD5-489D-8D31-99D7062D65C9}.Release|Any CPU.ActiveCfg = Release|Any CPU
		{C7C734F8-4AD5-489D-8D31-99D7062D65C9}.Release|Any CPU.Build.0 = Release|Any CPU
		{80C7C9A6-6434-4E2E-9907-A0BB61635C91}.Debug|Any CPU.ActiveCfg = Debug|Any CPU
		{80C7C9A6-6434-4E2E-9907-A0BB61635C91}.Debug|Any CPU.Build.0 = Debug|Any CPU
		{80C7C9A6-6434-4E2E-9907-A0BB61635C91}.Release|Any CPU.ActiveCfg = Release|Any CPU
		{80C7C9A6-6434-4E2E-9907-A0BB61635C91}.Release|Any CPU.Build.0 = Release|Any CPU
		{F81CE29D-9EA0-44AC-8624-4433047532DA}.Debug|Any CPU.ActiveCfg = Debug|Any CPU
		{F81CE29D-9EA0-44AC-8624-4433047532DA}.Debug|Any CPU.Build.0 = Debug|Any CPU
		{F81CE29D-9EA0-44AC-8624-4433047532DA}.Release|Any CPU.ActiveCfg = Release|Any CPU
		{F81CE29D-9EA0-44AC-8624-4433047532DA}.Release|Any CPU.Build.0 = Release|Any CPU
		{5F572132-A1B0-4104-8AF4-239171D1083B}.Debug|Any CPU.ActiveCfg = Debug|Any CPU
		{5F572132-A1B0-4104-8AF4-239171D1083B}.Debug|Any CPU.Build.0 = Debug|Any CPU
		{5F572132-A1B0-4104-8AF4-239171D1083B}.Release|Any CPU.ActiveCfg = Release|Any CPU
		{5F572132-A1B0-4104-8AF4-239171D1083B}.Release|Any CPU.Build.0 = Release|Any CPU
		{86DB0A5D-758A-4628-8AC6-10E3CE452452}.Debug|Any CPU.ActiveCfg = Debug|Any CPU
		{86DB0A5D-758A-4628-8AC6-10E3CE452452}.Debug|Any CPU.Build.0 = Debug|Any CPU
		{86DB0A5D-758A-4628-8AC6-10E3CE452452}.Release|Any CPU.ActiveCfg = Release|Any CPU
		{86DB0A5D-758A-4628-8AC6-10E3CE452452}.Release|Any CPU.Build.0 = Release|Any CPU
		{7D87157D-F2AC-44CC-A2B9-1F206340D892}.Debug|Any CPU.ActiveCfg = Debug|Any CPU
		{7D87157D-F2AC-44CC-A2B9-1F206340D892}.Debug|Any CPU.Build.0 = Debug|Any CPU
		{7D87157D-F2AC-44CC-A2B9-1F206340D892}.Release|Any CPU.ActiveCfg = Release|Any CPU
		{7D87157D-F2AC-44CC-A2B9-1F206340D892}.Release|Any CPU.Build.0 = Release|Any CPU
	EndGlobalSection
	GlobalSection(SolutionProperties) = preSolution
		HideSolutionNode = FALSE
	EndGlobalSection
	GlobalSection(ExtensibilityGlobals) = postSolution
		SolutionGuid = {651878DA-B635-4808-A363-B3A1B20A9B01}
	EndGlobalSection
EndGlobal
